// !$*UTF8*$!
{
	archiveVersion = 1;
	classes = {
	};
	objectVersion = 48;
	objects = {

/* Begin PBXBuildFile section */
		EC31C84B1FBC779D000EE8BF /* AppDelegate.swift in Sources */ = {isa = PBXBuildFile; fileRef = EC31C84A1FBC779D000EE8BF /* AppDelegate.swift */; };
		EC31C8521FBC779D000EE8BF /* Assets.xcassets in Resources */ = {isa = PBXBuildFile; fileRef = EC31C8511FBC779D000EE8BF /* Assets.xcassets */; };
		EC31C8551FBC779D000EE8BF /* LaunchScreen.storyboard in Resources */ = {isa = PBXBuildFile; fileRef = EC31C8531FBC779D000EE8BF /* LaunchScreen.storyboard */; };
		EC31C85E1FBC77DD000EE8BF /* MapViewController.swift in Sources */ = {isa = PBXBuildFile; fileRef = EC31C85C1FBC77DD000EE8BF /* MapViewController.swift */; };
		EC31C85F1FBC77DD000EE8BF /* MapViewController.xib in Resources */ = {isa = PBXBuildFile; fileRef = EC31C85D1FBC77DD000EE8BF /* MapViewController.xib */; };
		EC31C8621FBC794F000EE8BF /* MapKit.framework in Frameworks */ = {isa = PBXBuildFile; fileRef = EC31C8611FBC794F000EE8BF /* MapKit.framework */; };
		EC31C8651FBC8D31000EE8BF /* NewAppleStoreViewController.swift in Sources */ = {isa = PBXBuildFile; fileRef = EC31C8631FBC8D31000EE8BF /* NewAppleStoreViewController.swift */; };
		EC31C8661FBC8D31000EE8BF /* NewAppleStoreViewController.xib in Resources */ = {isa = PBXBuildFile; fileRef = EC31C8641FBC8D31000EE8BF /* NewAppleStoreViewController.xib */; };
		EC31C8691FBC9195000EE8BF /* Localizable.strings in Resources */ = {isa = PBXBuildFile; fileRef = EC31C86B1FBC9195000EE8BF /* Localizable.strings */; };
		EC31C8701FBC9E94000EE8BF /* PortraitNavigationController.swift in Sources */ = {isa = PBXBuildFile; fileRef = EC31C86E1FBC9E94000EE8BF /* PortraitNavigationController.swift */; };
		EC31C8711FBC9E94000EE8BF /* PortraitNavigationController.xib in Resources */ = {isa = PBXBuildFile; fileRef = EC31C86F1FBC9E94000EE8BF /* PortraitNavigationController.xib */; };
		EC4ADA731FBD8CD900D61105 /* Store.swift in Sources */ = {isa = PBXBuildFile; fileRef = EC4ADA721FBD8CD900D61105 /* Store.swift */; };
/* End PBXBuildFile section */

/* Begin PBXFileReference section */
		EC31C8471FBC779D000EE8BF /* MapKitTuto.app */ = {isa = PBXFileReference; explicitFileType = wrapper.application; includeInIndex = 0; path = MapKitTuto.app; sourceTree = BUILT_PRODUCTS_DIR; };
		EC31C84A1FBC779D000EE8BF /* AppDelegate.swift */ = {isa = PBXFileReference; lastKnownFileType = sourcecode.swift; path = AppDelegate.swift; sourceTree = "<group>"; };
		EC31C8511FBC779D000EE8BF /* Assets.xcassets */ = {isa = PBXFileReference; lastKnownFileType = folder.assetcatalog; path = Assets.xcassets; sourceTree = "<group>"; };
		EC31C8541FBC779D000EE8BF /* Base */ = {isa = PBXFileReference; lastKnownFileType = file.storyboard; name = Base; path = Base.lproj/LaunchScreen.storyboard; sourceTree = "<group>"; };
		EC31C8561FBC779E000EE8BF /* Info.plist */ = {isa = PBXFileReference; lastKnownFileType = text.plist.xml; path = Info.plist; sourceTree = "<group>"; };
		EC31C85C1FBC77DD000EE8BF /* MapViewController.swift */ = {isa = PBXFileReference; lastKnownFileType = sourcecode.swift; path = MapViewController.swift; sourceTree = "<group>"; };
		EC31C85D1FBC77DD000EE8BF /* MapViewController.xib */ = {isa = PBXFileReference; lastKnownFileType = file.xib; path = MapViewController.xib; sourceTree = "<group>"; };
		EC31C8611FBC794F000EE8BF /* MapKit.framework */ = {isa = PBXFileReference; lastKnownFileType = wrapper.framework; name = MapKit.framework; path = System/Library/Frameworks/MapKit.framework; sourceTree = SDKROOT; };
		EC31C8631FBC8D31000EE8BF /* NewAppleStoreViewController.swift */ = {isa = PBXFileReference; lastKnownFileType = sourcecode.swift; path = NewAppleStoreViewController.swift; sourceTree = "<group>"; };
		EC31C8641FBC8D31000EE8BF /* NewAppleStoreViewController.xib */ = {isa = PBXFileReference; lastKnownFileType = file.xib; path = NewAppleStoreViewController.xib; sourceTree = "<group>"; };
		EC31C86A1FBC9195000EE8BF /* en */ = {isa = PBXFileReference; lastKnownFileType = text.plist.strings; name = en; path = en.lproj/Localizable.strings; sourceTree = "<group>"; };
		EC31C86C1FBC91D6000EE8BF /* fr */ = {isa = PBXFileReference; lastKnownFileType = text.plist.strings; name = fr; path = fr.lproj/LaunchScreen.strings; sourceTree = "<group>"; };
		EC31C86D1FBC91D6000EE8BF /* fr */ = {isa = PBXFileReference; lastKnownFileType = text.plist.strings; name = fr; path = fr.lproj/Localizable.strings; sourceTree = "<group>"; };
		EC31C86E1FBC9E94000EE8BF /* PortraitNavigationController.swift */ = {isa = PBXFileReference; lastKnownFileType = sourcecode.swift; path = PortraitNavigationController.swift; sourceTree = "<group>"; };
		EC31C86F1FBC9E94000EE8BF /* PortraitNavigationController.xib */ = {isa = PBXFileReference; lastKnownFileType = file.xib; path = PortraitNavigationController.xib; sourceTree = "<group>"; };
		EC4ADA721FBD8CD900D61105 /* Store.swift */ = {isa = PBXFileReference; lastKnownFileType = sourcecode.swift; path = Store.swift; sourceTree = "<group>"; };
/* End PBXFileReference section */

/* Begin PBXFrameworksBuildPhase section */
		EC31C8441FBC779D000EE8BF /* Frameworks */ = {
			isa = PBXFrameworksBuildPhase;
			buildActionMask = 2147483647;
			files = (
				EC31C8621FBC794F000EE8BF /* MapKit.framework in Frameworks */,
			);
			runOnlyForDeploymentPostprocessing = 0;
		};
/* End PBXFrameworksBuildPhase section */

/* Begin PBXGroup section */
		EC31C83E1FBC779D000EE8BF = {
			isa = PBXGroup;
			children = (
				EC31C86B1FBC9195000EE8BF /* Localizable.strings */,
				EC31C8491FBC779D000EE8BF /* MapKitTuto */,
				EC31C8481FBC779D000EE8BF /* Products */,
				EC31C8601FBC794E000EE8BF /* Frameworks */,
			);
			sourceTree = "<group>";
		};
		EC31C8481FBC779D000EE8BF /* Products */ = {
			isa = PBXGroup;
			children = (
				EC31C8471FBC779D000EE8BF /* MapKitTuto.app */,
			);
			name = Products;
			sourceTree = "<group>";
		};
		EC31C8491FBC779D000EE8BF /* MapKitTuto */ = {
			isa = PBXGroup;
			children = (
				EC31C84A1FBC779D000EE8BF /* AppDelegate.swift */,
				EC31C8511FBC779D000EE8BF /* Assets.xcassets */,
				EC31C8531FBC779D000EE8BF /* LaunchScreen.storyboard */,
				EC31C8561FBC779E000EE8BF /* Info.plist */,
				EC31C85C1FBC77DD000EE8BF /* MapViewController.swift */,
				EC31C85D1FBC77DD000EE8BF /* MapViewController.xib */,
				EC31C8631FBC8D31000EE8BF /* NewAppleStoreViewController.swift */,
				EC31C8641FBC8D31000EE8BF /* NewAppleStoreViewController.xib */,
				EC31C86E1FBC9E94000EE8BF /* PortraitNavigationController.swift */,
				EC31C86F1FBC9E94000EE8BF /* PortraitNavigationController.xib */,
				EC4ADA721FBD8CD900D61105 /* Store.swift */,
			);
			path = MapKitTuto;
			sourceTree = "<group>";
		};
		EC31C8601FBC794E000EE8BF /* Frameworks */ = {
			isa = PBXGroup;
			children = (
				EC31C8611FBC794F000EE8BF /* MapKit.framework */,
			);
			name = Frameworks;
			sourceTree = "<group>";
		};
/* End PBXGroup section */

/* Begin PBXNativeTarget section */
		EC31C8461FBC779D000EE8BF /* MapKitTuto */ = {
			isa = PBXNativeTarget;
			buildConfigurationList = EC31C8591FBC779E000EE8BF /* Build configuration list for PBXNativeTarget "MapKitTuto" */;
			buildPhases = (
				EC31C8431FBC779D000EE8BF /* Sources */,
				EC31C8441FBC779D000EE8BF /* Frameworks */,
				EC31C8451FBC779D000EE8BF /* Resources */,
			);
			buildRules = (
			);
			dependencies = (
			);
			name = MapKitTuto;
			productName = MapKitTuto;
			productReference = EC31C8471FBC779D000EE8BF /* MapKitTuto.app */;
			productType = "com.apple.product-type.application";
		};
/* End PBXNativeTarget section */

/* Begin PBXProject section */
		EC31C83F1FBC779D000EE8BF /* Project object */ = {
			isa = PBXProject;
			attributes = {
				LastSwiftUpdateCheck = 0910;
				LastUpgradeCheck = 0910;
				ORGANIZATIONNAME = caro;
				TargetAttributes = {
					EC31C8461FBC779D000EE8BF = {
						CreatedOnToolsVersion = 9.1;
						ProvisioningStyle = Automatic;
						SystemCapabilities = {
							com.apple.Maps.iOS = {
								enabled = 1;
							};
						};
					};
				};
			};
			buildConfigurationList = EC31C8421FBC779D000EE8BF /* Build configuration list for PBXProject "MapKitTuto" */;
			compatibilityVersion = "Xcode 8.0";
			developmentRegion = en;
			hasScannedForEncodings = 0;
			knownRegions = (
				en,
				Base,
				fr,
			);
			mainGroup = EC31C83E1FBC779D000EE8BF;
			productRefGroup = EC31C8481FBC779D000EE8BF /* Products */;
			projectDirPath = "";
			projectRoot = "";
			targets = (
				EC31C8461FBC779D000EE8BF /* MapKitTuto */,
			);
		};
/* End PBXProject section */

/* Begin PBXResourcesBuildPhase section */
		EC31C8451FBC779D000EE8BF /* Resources */ = {
			isa = PBXResourcesBuildPhase;
			buildActionMask = 2147483647;
			files = (
				EC31C8691FBC9195000EE8BF /* Localizable.strings in Resources */,
				EC31C8661FBC8D31000EE8BF /* NewAppleStoreViewController.xib in Resources */,
				EC31C8551FBC779D000EE8BF /* LaunchScreen.storyboard in Resources */,
				EC31C85F1FBC77DD000EE8BF /* MapViewController.xib in Resources */,
				EC31C8711FBC9E94000EE8BF /* PortraitNavigationController.xib in Resources */,
				EC31C8521FBC779D000EE8BF /* Assets.xcassets in Resources */,
			);
			runOnlyForDeploymentPostprocessing = 0;
		};
/* End PBXResourcesBuildPhase section */

/* Begin PBXSourcesBuildPhase section */
		EC31C8431FBC779D000EE8BF /* Sources */ = {
			isa = PBXSourcesBuildPhase;
			buildActionMask = 2147483647;
			files = (
				EC4ADA731FBD8CD900D61105 /* Store.swift in Sources */,
				EC31C84B1FBC779D000EE8BF /* AppDelegate.swift in Sources */,
				EC31C85E1FBC77DD000EE8BF /* MapViewController.swift in Sources */,
				EC31C8701FBC9E94000EE8BF /* PortraitNavigationController.swift in Sources */,
				EC31C8651FBC8D31000EE8BF /* NewAppleStoreViewController.swift in Sources */,
			);
			runOnlyForDeploymentPostprocessing = 0;
		};
/* End PBXSourcesBuildPhase section */

/* Begin PBXVariantGroup section */
		EC31C8531FBC779D000EE8BF /* LaunchScreen.storyboard */ = {
			isa = PBXVariantGroup;
			children = (
				EC31C8541FBC779D000EE8BF /* Base */,
				EC31C86C1FBC91D6000EE8BF /* fr */,
			);
			name = LaunchScreen.storyboard;
			sourceTree = "<group>";
		};
		EC31C86B1FBC9195000EE8BF /* Localizable.strings */ = {
			isa = PBXVariantGroup;
			children = (
				EC31C86A1FBC9195000EE8BF /* en */,
				EC31C86D1FBC91D6000EE8BF /* fr */,
			);
			name = Localizable.strings;
			sourceTree = "<group>";
		};
/* End PBXVariantGroup section */

/* Begin XCBuildConfiguration section */
		EC31C8571FBC779E000EE8BF /* Debug */ = {
			isa = XCBuildConfiguration;
			buildSettings = {
				ALWAYS_SEARCH_USER_PATHS = NO;
				CLANG_ANALYZER_LOCALIZABILITY_NONLOCALIZED = YES;
				CLANG_ANALYZER_NONNULL = YES;
				CLANG_ANALYZER_NUMBER_OBJECT_CONVERSION = YES_AGGRESSIVE;
				CLANG_CXX_LANGUAGE_STANDARD = "gnu++14";
				CLANG_CXX_LIBRARY = "libc++";
				CLANG_ENABLE_MODULES = YES;
				CLANG_ENABLE_OBJC_ARC = YES;
				CLANG_WARN_BLOCK_CAPTURE_AUTORELEASING = YES;
				CLANG_WARN_BOOL_CONVERSION = YES;
				CLANG_WARN_COMMA = YES;
				CLANG_WARN_CONSTANT_CONVERSION = YES;
				CLANG_WARN_DIRECT_OBJC_ISA_USAGE = YES_ERROR;
				CLANG_WARN_DOCUMENTATION_COMMENTS = YES;
				CLANG_WARN_EMPTY_BODY = YES;
				CLANG_WARN_ENUM_CONVERSION = YES;
				CLANG_WARN_INFINITE_RECURSION = YES;
				CLANG_WARN_INT_CONVERSION = YES;
				CLANG_WARN_NON_LITERAL_NULL_CONVERSION = YES;
				CLANG_WARN_OBJC_LITERAL_CONVERSION = YES;
				CLANG_WARN_OBJC_ROOT_CLASS = YES_ERROR;
				CLANG_WARN_RANGE_LOOP_ANALYSIS = YES;
				CLANG_WARN_STRICT_PROTOTYPES = YES;
				CLANG_WARN_SUSPICIOUS_MOVE = YES;
				CLANG_WARN_UNGUARDED_AVAILABILITY = YES_AGGRESSIVE;
				CLANG_WARN_UNREACHABLE_CODE = YES;
				CLANG_WARN__DUPLICATE_METHOD_MATCH = YES;
				CODE_SIGN_IDENTITY = "iPhone Developer";
				COPY_PHASE_STRIP = NO;
				DEBUG_INFORMATION_FORMAT = dwarf;
				ENABLE_STRICT_OBJC_MSGSEND = YES;
				ENABLE_TESTABILITY = YES;
				GCC_C_LANGUAGE_STANDARD = gnu11;
				GCC_DYNAMIC_NO_PIC = NO;
				GCC_NO_COMMON_BLOCKS = YES;
				GCC_OPTIMIZATION_LEVEL = 0;
				GCC_PREPROCESSOR_DEFINITIONS = (
					"DEBUG=1",
					"$(inherited)",
				);
				GCC_WARN_64_TO_32_BIT_CONVERSION = YES;
				GCC_WARN_ABOUT_RETURN_TYPE = YES_ERROR;
				GCC_WARN_UNDECLARED_SELECTOR = YES;
				GCC_WARN_UNINITIALIZED_AUTOS = YES_AGGRESSIVE;
				GCC_WARN_UNUSED_FUNCTION = YES;
				GCC_WARN_UNUSED_VARIABLE = YES;
				IPHONEOS_DEPLOYMENT_TARGET = 11.1;
				MTL_ENABLE_DEBUG_INFO = YES;
				ONLY_ACTIVE_ARCH = YES;
				SDKROOT = iphoneos;
				SWIFT_ACTIVE_COMPILATION_CONDITIONS = DEBUG;
				SWIFT_OPTIMIZATION_LEVEL = "-Onone";
			};
			name = Debug;
		};
		EC31C8581FBC779E000EE8BF /* Release */ = {
			isa = XCBuildConfiguration;
			buildSettings = {
				ALWAYS_SEARCH_USER_PATHS = NO;
				CLANG_ANALYZER_LOCALIZABILITY_NONLOCALIZED = YES;
				CLANG_ANALYZER_NONNULL = YES;
				CLANG_ANALYZER_NUMBER_OBJECT_CONVERSION = YES_AGGRESSIVE;
				CLANG_CXX_LANGUAGE_STANDARD = "gnu++14";
				CLANG_CXX_LIBRARY = "libc++";
				CLANG_ENABLE_MODULES = YES;
				CLANG_ENABLE_OBJC_ARC = YES;
				CLANG_WARN_BLOCK_CAPTURE_AUTORELEASING = YES;
				CLANG_WARN_BOOL_CONVERSION = YES;
				CLANG_WARN_COMMA = YES;
				CLANG_WARN_CONSTANT_CONVERSION = YES;
				CLANG_WARN_DIRECT_OBJC_ISA_USAGE = YES_ERROR;
				CLANG_WARN_DOCUMENTATION_COMMENTS = YES;
				CLANG_WARN_EMPTY_BODY = YES;
				CLANG_WARN_ENUM_CONVERSION = YES;
				CLANG_WARN_INFINITE_RECURSION = YES;
				CLANG_WARN_INT_CONVERSION = YES;
				CLANG_WARN_NON_LITERAL_NULL_CONVERSION = YES;
				CLANG_WARN_OBJC_LITERAL_CONVERSION = YES;
				CLANG_WARN_OBJC_ROOT_CLASS = YES_ERROR;
				CLANG_WARN_RANGE_LOOP_ANALYSIS = YES;
				CLANG_WARN_STRICT_PROTOTYPES = YES;
				CLANG_WARN_SUSPICIOUS_MOVE = YES;
				CLANG_WARN_UNGUARDED_AVAILABILITY = YES_AGGRESSIVE;
				CLANG_WARN_UNREACHABLE_CODE = YES;
				CLANG_WARN__DUPLICATE_METHOD_MATCH = YES;
				CODE_SIGN_IDENTITY = "iPhone Developer";
				COPY_PHASE_STRIP = NO;
				DEBUG_INFORMATION_FORMAT = "dwarf-with-dsym";
				ENABLE_NS_ASSERTIONS = NO;
				ENABLE_STRICT_OBJC_MSGSEND = YES;
				GCC_C_LANGUAGE_STANDARD = gnu11;
				GCC_NO_COMMON_BLOCKS = YES;
				GCC_WARN_64_TO_32_BIT_CONVERSION = YES;
				GCC_WARN_ABOUT_RETURN_TYPE = YES_ERROR;
				GCC_WARN_UNDECLARED_SELECTOR = YES;
				GCC_WARN_UNINITIALIZED_AUTOS = YES_AGGRESSIVE;
				GCC_WARN_UNUSED_FUNCTION = YES;
				GCC_WARN_UNUSED_VARIABLE = YES;
				IPHONEOS_DEPLOYMENT_TARGET = 11.1;
				MTL_ENABLE_DEBUG_INFO = NO;
				SDKROOT = iphoneos;
				SWIFT_OPTIMIZATION_LEVEL = "-Owholemodule";
				VALIDATE_PRODUCT = YES;
			};
			name = Release;
		};
		EC31C85A1FBC779E000EE8BF /* Debug */ = {
			isa = XCBuildConfiguration;
			buildSettings = {
				ASSETCATALOG_COMPILER_APPICON_NAME = AppIcon;
				CODE_SIGN_STYLE = Automatic;
				INFOPLIST_FILE = MapKitTuto/Info.plist;
				LD_RUNPATH_SEARCH_PATHS = "$(inherited) @executable_path/Frameworks";
				PRODUCT_BUNDLE_IDENTIFIER = caro.MapKitTuto;
				PRODUCT_NAME = "$(TARGET_NAME)";
				SWIFT_VERSION = 4.0;
				TARGETED_DEVICE_FAMILY = "1,2";
			};
			name = Debug;
		};
		EC31C85B1FBC779E000EE8BF /* Release */ = {
			isa = XCBuildConfiguration;
			buildSettings = {
				ASSETCATALOG_COMPILER_APPICON_NAME = AppIcon;
				CODE_SIGN_STYLE = Automatic;
				INFOPLIST_FILE = MapKitTuto/Info.plist;
				LD_RUNPATH_SEARCH_PATHS = "$(inherited) @executable_path/Frameworks";
				PRODUCT_BUNDLE_IDENTIFIER = caro.MapKitTuto;
				PRODUCT_NAME = "$(TARGET_NAME)";
				SWIFT_VERSION = 4.0;
				TARGETED_DEVICE_FAMILY = "1,2";
			};
			name = Release;
		};
/* End XCBuildConfiguration section */

/* Begin XCConfigurationList section */
		EC31C8421FBC779D000EE8BF /* Build configuration list for PBXProject "MapKitTuto" */ = {
			isa = XCConfigurationList;
			buildConfigurations = (
				EC31C8571FBC779E000EE8BF /* Debug */,
				EC31C8581FBC779E000EE8BF /* Release */,
			);
			defaultConfigurationIsVisible = 0;
			defaultConfigurationName = Release;
		};
		EC31C8591FBC779E000EE8BF /* Build configuration list for PBXNativeTarget "MapKitTuto" */ = {
			isa = XCConfigurationList;
			buildConfigurations = (
				EC31C85A1FBC779E000EE8BF /* Debug */,
				EC31C85B1FBC779E000EE8BF /* Release */,
			);
			defaultConfigurationIsVisible = 0;
			defaultConfigurationName = Release;
		};
/* End XCConfigurationList section */
	};
	rootObject = EC31C83F1FBC779D000EE8BF /* Project object */;
}
